
Microsoft Visual Studio Solution File, Format Version 12.00
# Visual Studio Version 16
VisualStudioVersion = 16.0.30517.126
MinimumVisualStudioVersion = 10.0.40219.1
Project("{FAE04EC0-301F-11D3-BF4B-00C04F79EFBC}") = "FileProcessor", "FileProcessor.csproj", "{69A2F29C-0566-4254-A418-F214535B8259}"
EndProject
Project("{FAE04EC0-301F-11D3-BF4B-00C04F79EFBC}") = "FileProcessor.Service", "..\FileProcessor.Service\FileProcessor.Service.csproj", "{4CE1EC7B-59AE-43D3-916D-F289561EE580}"
EndProject
Global
	GlobalSection(SolutionConfigurationPlatforms) = preSolution
		Debug|Any CPU = Debug|Any CPU
		Release|Any CPU = Release|Any CPU
	EndGlobalSection
	GlobalSection(ProjectConfigurationPlatforms) = postSolution
		{69A2F29C-0566-4254-A418-F214535B8259}.Debug|Any CPU.ActiveCfg = Debug|Any CPU
		{69A2F29C-0566-4254-A418-F214535B8259}.Debug|Any CPU.Build.0 = Debug|Any CPU
		{69A2F29C-0566-4254-A418-F214535B8259}.Release|Any CPU.ActiveCfg = Release|Any CPU
		{69A2F29C-0566-4254-A418-F214535B8259}.Release|Any CPU.Build.0 = Release|Any CPU
		{4CE1EC7B-59AE-43D3-916D-F289561EE580}.Debug|Any CPU.ActiveCfg = Debug|Any CPU
		{4CE1EC7B-59AE-43D3-916D-F289561EE580}.Debug|Any CPU.Build.0 = Debug|Any CPU
		{4CE1EC7B-59AE-43D3-916D-F289561EE580}.Release|Any CPU.ActiveCfg = Release|Any CPU
		{4CE1EC7B-59AE-43D3-916D-F289561EE580}.Release|Any CPU.Build.0 = Release|Any CPU
	EndGlobalSection
	GlobalSection(SolutionProperties) = preSolution
		HideSolutionNode = FALSE
	EndGlobalSection
	GlobalSection(ExtensibilityGlobals) = postSolution
		SolutionGuid = {C4CC8EEC-AD37-436A-92BA-336F62C4BE87}
	EndGlobalSection
EndGlobal
